
Microsoft Visual Studio Solution File, Format Version 12.00
# Visual Studio Version 17
VisualStudioVersion = 17.7.34031.279
MinimumVisualStudioVersion = 10.0.40219.1
Project("{FAE04EC0-301F-11D3-BF4B-00C04F79EFBC}") = "2023091801_shammi", "2023091801_shammi.csproj", "{B43B579E-E09E-4AF9-BAF1-4CF3C0ACEA7A}"
EndProject
Global
	GlobalSection(SolutionConfigurationPlatforms) = preSolution
		Debug|Any CPU = Debug|Any CPU
		Release|Any CPU = Release|Any CPU
	EndGlobalSection
	GlobalSection(ProjectConfigurationPlatforms) = postSolution
		{B43B579E-E09E-4AF9-BAF1-4CF3C0ACEA7A}.Debug|Any CPU.ActiveCfg = Debug|Any CPU
		{B43B579E-E09E-4AF9-BAF1-4CF3C0ACEA7A}.Debug|Any CPU.Build.0 = Debug|Any CPU
		{B43B579E-E09E-4AF9-BAF1-4CF3C0ACEA7A}.Release|Any CPU.ActiveCfg = Release|Any CPU
		{B43B579E-E09E-4AF9-BAF1-4CF3C0ACEA7A}.Release|Any CPU.Build.0 = Release|Any CPU
	EndGlobalSection
	GlobalSection(SolutionProperties) = preSolution
		HideSolutionNode = FALSE
	EndGlobalSection
	GlobalSection(ExtensibilityGlobals) = postSolution
		SolutionGuid = {8786824E-EA80-4AE1-BAD4-9A2DB33C4926}
	EndGlobalSection
EndGlobal
